
Microsoft Visual Studio Solution File, Format Version 12.00
# Visual Studio 15
VisualStudioVersion = 15.0.27703.2035
MinimumVisualStudioVersion = 10.0.40219.1
Project("{FAE04EC0-301F-11D3-BF4B-00C04F79EFBC}") = "ConsumerWebService", "ConsumerWebService\ConsumerWebService.csproj", "{A560ED03-20BD-46E1-BC45-F18B1E6234FB}"
EndProject
Global
	GlobalSection(SolutionConfigurationPlatforms) = preSolution
		Debug|Any CPU = Debug|Any CPU
		Release|Any CPU = Release|Any CPU
	EndGlobalSection
	GlobalSection(ProjectConfigurationPlatforms) = postSolution
		{A560ED03-20BD-46E1-BC45-F18B1E6234FB}.Debug|Any CPU.ActiveCfg = Debug|Any CPU
		{A560ED03-20BD-46E1-BC45-F18B1E6234FB}.Debug|Any CPU.Build.0 = Debug|Any CPU
		{A560ED03-20BD-46E1-BC45-F18B1E6234FB}.Release|Any CPU.ActiveCfg = Release|Any CPU
		{A560ED03-20BD-46E1-BC45-F18B1E6234FB}.Release|Any CPU.Build.0 = Release|Any CPU
	EndGlobalSection
	GlobalSection(SolutionProperties) = preSolution
		HideSolutionNode = FALSE
	EndGlobalSection
	GlobalSection(ExtensibilityGlobals) = postSolution
		SolutionGuid = {FC89F091-61CD-4D02-8AA8-0155CF118F72}
	EndGlobalSection
EndGlobal
