
Microsoft Visual Studio Solution File, Format Version 12.00
# Visual Studio 15
VisualStudioVersion = 15.0.27703.2035
MinimumVisualStudioVersion = 10.0.40219.1
Project("{FAE04EC0-301F-11D3-BF4B-00C04F79EFBC}") = "WcfReceiver", "WcfReceiver\WcfReceiver.csproj", "{6936F0AB-AC9D-4EE2-8AB0-8F4179C7F777}"
EndProject
Project("{FAE04EC0-301F-11D3-BF4B-00C04F79EFBC}") = "ReceiverConsole", "ReceiverConsole\ReceiverConsole.csproj", "{BE6434A4-D511-4286-94EC-53C755996A7D}"
EndProject
Global
	GlobalSection(SolutionConfigurationPlatforms) = preSolution
		Debug|Any CPU = Debug|Any CPU
		Release|Any CPU = Release|Any CPU
	EndGlobalSection
	GlobalSection(ProjectConfigurationPlatforms) = postSolution
		{6936F0AB-AC9D-4EE2-8AB0-8F4179C7F777}.Debug|Any CPU.ActiveCfg = Debug|Any CPU
		{6936F0AB-AC9D-4EE2-8AB0-8F4179C7F777}.Debug|Any CPU.Build.0 = Debug|Any CPU
		{6936F0AB-AC9D-4EE2-8AB0-8F4179C7F777}.Release|Any CPU.ActiveCfg = Release|Any CPU
		{6936F0AB-AC9D-4EE2-8AB0-8F4179C7F777}.Release|Any CPU.Build.0 = Release|Any CPU
		{BE6434A4-D511-4286-94EC-53C755996A7D}.Debug|Any CPU.ActiveCfg = Debug|Any CPU
		{BE6434A4-D511-4286-94EC-53C755996A7D}.Debug|Any CPU.Build.0 = Debug|Any CPU
		{BE6434A4-D511-4286-94EC-53C755996A7D}.Release|Any CPU.ActiveCfg = Release|Any CPU
		{BE6434A4-D511-4286-94EC-53C755996A7D}.Release|Any CPU.Build.0 = Release|Any CPU
	EndGlobalSection
	GlobalSection(SolutionProperties) = preSolution
		HideSolutionNode = FALSE
	EndGlobalSection
	GlobalSection(ExtensibilityGlobals) = postSolution
		SolutionGuid = {BDE3CCC2-7A66-4E39-9F7E-DF3157AC2DB2}
	EndGlobalSection
EndGlobal
